<?xml version="1.0" encoding="utf-8"?>
<Project ToolsVersion="4.0" xmlns="http://schemas.microsoft.com/developer/msbuild/2003">
  <ItemGroup>
    <ClCompile Include="Source\Window.cpp" />
    <ClCompile Include="Source\Textures.cpp" />
    <ClCompile Include="Source\Render.cpp" />
    <ClCompile Include="Source\Main.cpp" />
    <ClCompile Include="Source\Input.cpp" />
    <ClCompile Include="Source\Audio.cpp" />
    <ClCompile Include="Source\App.cpp" />
    <ClCompile Include="Source\Log.cpp">
      <Filter>Utils</Filter>
    </ClCompile>
    <ClCompile Include="Source\External\PugiXml\src\pugixml.cpp">
      <Filter>External\PugiXml</Filter>
    </ClCompile>
    <ClCompile Include="Source\Map.cpp" />
    <ClCompile Include="Source\Physics.cpp" />
    <ClCompile Include="Source\ModuleFadeToBlack.cpp" />
    <ClCompile Include="Source\LevelOne.cpp">
      <Filter>Screens</Filter>
    </ClCompile>
    <ClCompile Include="Source\SceneIntro.cpp">
      <Filter>Screens</Filter>
    </ClCompile>
    <ClCompile Include="Source\SceneTitle.cpp">
      <Filter>Screens</Filter>
    </ClCompile>
    <ClCompile Include="Source\DeathScreen.cpp">
      <Filter>Screens</Filter>
    </ClCompile>
    <ClCompile Include="Source\LevelTransition.cpp">
      <Filter>Screens</Filter>
    </ClCompile>
    <ClCompile Include="Source\EntityManager.cpp">
      <Filter>Entities</Filter>
    </ClCompile>
    <ClCompile Include="Source\Goal.cpp">
      <Filter>Entities</Filter>
    </ClCompile>
    <ClCompile Include="Source\Coin.cpp">
      <Filter>Entities</Filter>
    </ClCompile>
    <ClCompile Include="Source\Player.cpp">
      <Filter>Entities</Filter>
    </ClCompile>
    <ClCompile Include="Source\PathFinding.cpp" />
    <ClCompile Include="Source\LevelTwo.cpp">
      <Filter>Screens</Filter>
    </ClCompile>
    <ClCompile Include="Source\FlyingEnemy.cpp">
      <Filter>Entities\Enemies</Filter>
    </ClCompile>
    <ClCompile Include="Source\WalkingEnemy.cpp">
      <Filter>Entities\Enemies</Filter>
    </ClCompile>
    <ClCompile Include="Source\Bullet.cpp">
      <Filter>Entities</Filter>
    </ClCompile>
    <ClCompile Include="Source\WinScreen.cpp">
      <Filter>Screens</Filter>
    </ClCompile>
    <ClCompile Include="Source\GuiButton.cpp">
      <Filter>UI</Filter>
    </ClCompile>
    <ClCompile Include="Source\GuiManager.cpp">
      <Filter>UI</Filter>
    </ClCompile>
    <ClCompile Include="Source\GuiImage.cpp">
      <Filter>UI</Filter>
    </ClCompile>
    <ClCompile Include="Source\GuiText.cpp">
      <Filter>UI</Filter>
    </ClCompile>
  </ItemGroup>
  <ItemGroup>
    <ClInclude Include="Source\Window.h" />
    <ClInclude Include="Source\Textures.h" />
    <ClInclude Include="Source\Render.h" />
    <ClInclude Include="Source\Module.h" />
    <ClInclude Include="Source\Input.h" />
    <ClInclude Include="Source\Audio.h" />
    <ClInclude Include="Source\App.h" />
    <ClInclude Include="Source\Defs.h">
      <Filter>Utils</Filter>
    </ClInclude>
    <ClInclude Include="Source\DynArray.h">
      <Filter>Utils</Filter>
    </ClInclude>
    <ClInclude Include="Source\List.h">
      <Filter>Utils</Filter>
    </ClInclude>
    <ClInclude Include="Source\Log.h">
      <Filter>Utils</Filter>
    </ClInclude>
    <ClInclude Include="Source\Point.h">
      <Filter>Utils</Filter>
    </ClInclude>
    <ClInclude Include="Source\SString.h">
      <Filter>Utils</Filter>
    </ClInclude>
    <ClInclude Include="Source\External\PugiXml\src\pugiconfig.hpp">
      <Filter>External\PugiXml</Filter>
    </ClInclude>
    <ClInclude Include="Source\External\PugiXml\src\pugixml.hpp">
      <Filter>External\PugiXml</Filter>
    </ClInclude>
    <ClInclude Include="Source\Queue.h">
      <Filter>Utils</Filter>
    </ClInclude>
    <ClInclude Include="Source\Map.h" />
    <ClInclude Include="Source\Physics.h" />
    <ClInclude Include="Source\ModuleFadeToBlack.h" />
    <ClInclude Include="Source\LevelOne.h">
      <Filter>Screens</Filter>
    </ClInclude>
    <ClInclude Include="Source\SceneIntro.h">
      <Filter>Screens</Filter>
    </ClInclude>
    <ClInclude Include="Source\SceneTitle.h">
      <Filter>Screens</Filter>
    </ClInclude>
    <ClInclude Include="Source\DeathScreen.h">
      <Filter>Screens</Filter>
    </ClInclude>
    <ClInclude Include="Source\LevelTransition.h">
      <Filter>Screens</Filter>
    </ClInclude>
    <ClInclude Include="Source\Entity.h">
      <Filter>Entities</Filter>
    </ClInclude>
    <ClInclude Include="Source\EntityManager.h">
      <Filter>Entities</Filter>
    </ClInclude>
    <ClInclude Include="Source\Goal.h">
      <Filter>Entities</Filter>
    </ClInclude>
    <ClInclude Include="Source\Coin.h">
      <Filter>Entities</Filter>
    </ClInclude>
    <ClInclude Include="Source\Player.h">
      <Filter>Entities</Filter>
    </ClInclude>
    <ClInclude Include="Source\PathFinding.h" />
    <ClInclude Include="Source\LevelTwo.h">
      <Filter>Screens</Filter>
    </ClInclude>
    <ClInclude Include="Source\Enemies.h">
      <Filter>Entities\Enemies</Filter>
    </ClInclude>
    <ClInclude Include="Source\FlyingEnemy.h">
      <Filter>Entities\Enemies</Filter>
    </ClInclude>
    <ClInclude Include="Source\WalkingEnemy.h">
      <Filter>Entities\Enemies</Filter>
    </ClInclude>
    <ClInclude Include="Source\Animation.h" />
    <ClInclude Include="Source\Bullet.h">
      <Filter>Entities</Filter>
    </ClInclude>
    <ClInclude Include="Source\WinScreen.h">
      <Filter>Screens</Filter>
    </ClInclude>
    <ClInclude Include="Source\GuiButton.h">
      <Filter>UI</Filter>
    </ClInclude>
    <ClInclude Include="Source\GuiControl.h">
      <Filter>UI</Filter>
    </ClInclude>
    <ClInclude Include="Source\GuiManager.h">
      <Filter>UI</Filter>
    </ClInclude>
    <ClInclude Include="Source\GuiImage.h">
      <Filter>UI</Filter>
    </ClInclude>
    <ClInclude Include="Source\GuiText.h">
      <Filter>UI</Filter>
    </ClInclude>
  </ItemGroup>
  <ItemGroup>
    <Filter Include="External">
      <UniqueIdentifier>{83a966c7-b4bb-4eff-9c2c-3ff3c7b55a60}</UniqueIdentifier>
    </Filter>
    <Filter Include="Utils">
      <UniqueIdentifier>{2cad778a-d356-48b0-9fee-587f1bbb187e}</UniqueIdentifier>
    </Filter>
    <Filter Include="External\PugiXml">
      <UniqueIdentifier>{2855ff7f-53a1-413d-a75b-18b4ade921dd}</UniqueIdentifier>
    </Filter>
    <Filter Include="Screens">
      <UniqueIdentifier>{b8c38f36-79e5-47b3-8722-adc46f670ea6}</UniqueIdentifier>
    </Filter>
    <Filter Include="Entities">
      <UniqueIdentifier>{279a56d5-ba9f-410a-8c50-868e1f1f1b52}</UniqueIdentifier>
    </Filter>
    <Filter Include="Entities\Enemies">
      <UniqueIdentifier>{dddb82fd-7b1d-42a3-8276-64da8072ed06}</UniqueIdentifier>
    </Filter>
    <Filter Include="UI">
      <UniqueIdentifier>{e521d8dc-2156-424f-9803-67229eb19323}</UniqueIdentifier>
    </Filter>
  </ItemGroup>
</Project>